// !$*UTF8*$!
{
	archiveVersion = 1;
	classes = {
	};
	objectVersion = 56;
	objects = {

/* Begin PBXBuildFile section */
		904B11722AB9C35A00AE4668 /* StorageNews.swift in Sources */ = {isa = PBXBuildFile; fileRef = 904B11712AB9C35A00AE4668 /* StorageNews.swift */; };
		907682E12AA083CF0051F0BB /* DetailViewController.swift in Sources */ = {isa = PBXBuildFile; fileRef = 907682DD2AA083CF0051F0BB /* DetailViewController.swift */; };
		907682E22AA083CF0051F0BB /* DetailModuleBuilder.swift in Sources */ = {isa = PBXBuildFile; fileRef = 907682DC2AA083CF0051F0BB /* DetailModuleBuilder.swift */; };
		907682E32AA083CF0051F0BB /* DetailRouter.swift in Sources */ = {isa = PBXBuildFile; fileRef = 907682DE2AA083CF0051F0BB /* DetailRouter.swift */; };
		907682E42AA083CF0051F0BB /* DetailInteractor.swift in Sources */ = {isa = PBXBuildFile; fileRef = 907682E02AA083CF0051F0BB /* DetailInteractor.swift */; };
		907682E52AA083CF0051F0BB /* DetailPresenter.swift in Sources */ = {isa = PBXBuildFile; fileRef = 907682DF2AA083CF0051F0BB /* DetailPresenter.swift */; };
		907682E72AA089510051F0BB /* MainTableViewCellModel.swift in Sources */ = {isa = PBXBuildFile; fileRef = 907682E62AA089510051F0BB /* MainTableViewCellModel.swift */; };
		907682EA2AA0D41C0051F0BB /* WebViewController.swift in Sources */ = {isa = PBXBuildFile; fileRef = 907682E92AA0D41C0051F0BB /* WebViewController.swift */; };
		907682EC2AA0D43F0051F0BB /* WebView+extension.swift in Sources */ = {isa = PBXBuildFile; fileRef = 907682EB2AA0D43F0051F0BB /* WebView+extension.swift */; };
		907682F12AA0D9E10051F0BB /* WebModuleBuilder.swift in Sources */ = {isa = PBXBuildFile; fileRef = 907682ED2AA0D9E10051F0BB /* WebModuleBuilder.swift */; };
		907682F22AA0D9E10051F0BB /* WebPresenter.swift in Sources */ = {isa = PBXBuildFile; fileRef = 907682EE2AA0D9E10051F0BB /* WebPresenter.swift */; };
		907682F42AA0D9E10051F0BB /* WebInteractor.swift in Sources */ = {isa = PBXBuildFile; fileRef = 907682F02AA0D9E10051F0BB /* WebInteractor.swift */; };
		9084EDEF2AB4745200B752D5 /* WebViewModel.swift in Sources */ = {isa = PBXBuildFile; fileRef = 9084EDEE2AB4745200B752D5 /* WebViewModel.swift */; };
		909F37452AB1DF5900D28466 /* LocalStorageManager.swift in Sources */ = {isa = PBXBuildFile; fileRef = 909F37442AB1DF5900D28466 /* LocalStorageManager.swift */; };
		90C4CE632A9F1EF500F53C57 /* AppDelegate.swift in Sources */ = {isa = PBXBuildFile; fileRef = 90C4CE622A9F1EF500F53C57 /* AppDelegate.swift */; };
		90C4CE652A9F1EF500F53C57 /* SceneDelegate.swift in Sources */ = {isa = PBXBuildFile; fileRef = 90C4CE642A9F1EF500F53C57 /* SceneDelegate.swift */; };
		90C4CE6C2A9F1EF600F53C57 /* Assets.xcassets in Resources */ = {isa = PBXBuildFile; fileRef = 90C4CE6B2A9F1EF600F53C57 /* Assets.xcassets */; };
		90C4CE6F2A9F1EF600F53C57 /* LaunchScreen.storyboard in Resources */ = {isa = PBXBuildFile; fileRef = 90C4CE6D2A9F1EF600F53C57 /* LaunchScreen.storyboard */; };
		90C4CE882A9F209700F53C57 /* MainModuleBuilder.swift in Sources */ = {isa = PBXBuildFile; fileRef = 90C4CE832A9F209700F53C57 /* MainModuleBuilder.swift */; };
		90C4CE892A9F209700F53C57 /* MainPresenter.swift in Sources */ = {isa = PBXBuildFile; fileRef = 90C4CE842A9F209700F53C57 /* MainPresenter.swift */; };
		90C4CE8A2A9F209700F53C57 /* MainRouter.swift in Sources */ = {isa = PBXBuildFile; fileRef = 90C4CE852A9F209700F53C57 /* MainRouter.swift */; };
		90C4CE8B2A9F209700F53C57 /* MainViewController.swift in Sources */ = {isa = PBXBuildFile; fileRef = 90C4CE862A9F209700F53C57 /* MainViewController.swift */; };
		90C4CE8C2A9F209700F53C57 /* MainInteractor.swift in Sources */ = {isa = PBXBuildFile; fileRef = 90C4CE872A9F209700F53C57 /* MainInteractor.swift */; };
		90C4CE8E2A9F25CB00F53C57 /* MainTableViewCell.swift in Sources */ = {isa = PBXBuildFile; fileRef = 90C4CE8D2A9F25CB00F53C57 /* MainTableViewCell.swift */; };
		90C4CE9B2A9F314F00F53C57 /* AlertBuilder.swift in Sources */ = {isa = PBXBuildFile; fileRef = 90C4CE9A2A9F314F00F53C57 /* AlertBuilder.swift */; };
		90C4CE9E2A9F376500F53C57 /* MainViewController+extension.swift in Sources */ = {isa = PBXBuildFile; fileRef = 90C4CE9D2A9F376500F53C57 /* MainViewController+extension.swift */; };
		90C4CEA22A9F3B3900F53C57 /* NetworkMonitorManager.swift in Sources */ = {isa = PBXBuildFile; fileRef = 90C4CEA12A9F3B3900F53C57 /* NetworkMonitorManager.swift */; };
		90C4CEA42A9F3B9E00F53C57 /* NetworkService.swift in Sources */ = {isa = PBXBuildFile; fileRef = 90C4CEA32A9F3B9E00F53C57 /* NetworkService.swift */; };
		90C4CEA62A9F3EEA00F53C57 /* UITableView+ReusableView.swift in Sources */ = {isa = PBXBuildFile; fileRef = 90C4CEA52A9F3EEA00F53C57 /* UITableView+ReusableView.swift */; };
		90C4CEAE2A9F61CD00F53C57 /* URL+extension.swift in Sources */ = {isa = PBXBuildFile; fileRef = 90C4CEAD2A9F61CD00F53C57 /* URL+extension.swift */; };
		90C4CEB02A9F620100F53C57 /* Dictionary+extension.swift in Sources */ = {isa = PBXBuildFile; fileRef = 90C4CEAF2A9F620100F53C57 /* Dictionary+extension.swift */; };
		90C4CEB32A9F624F00F53C57 /* RequestBuilder.swift in Sources */ = {isa = PBXBuildFile; fileRef = 90C4CEB22A9F624F00F53C57 /* RequestBuilder.swift */; };
		90C4CEB52A9F626800F53C57 /* MapNewsToObject.swift in Sources */ = {isa = PBXBuildFile; fileRef = 90C4CEB42A9F626800F53C57 /* MapNewsToObject.swift */; };
		90C4CEB72A9F628300F53C57 /* News.swift in Sources */ = {isa = PBXBuildFile; fileRef = 90C4CEB62A9F628300F53C57 /* News.swift */; };
		90C4CEB92A9F62B800F53C57 /* ObjectNewsData.swift in Sources */ = {isa = PBXBuildFile; fileRef = 90C4CEB82A9F62B800F53C57 /* ObjectNewsData.swift */; };
		90C4CEBC2A9F8D6F00F53C57 /* MainThreadOverwatch.swift in Sources */ = {isa = PBXBuildFile; fileRef = 90C4CEBB2A9F8D6F00F53C57 /* MainThreadOverwatch.swift */; };
		90C7A8FC2AAF16B500E1327C /* Constants.swift in Sources */ = {isa = PBXBuildFile; fileRef = 90C7A8FB2AAF16B500E1327C /* Constants.swift */; };
		90E695BA2AE7B9CA00A2B88F /* NetworkServiceTestClass.swift in Sources */ = {isa = PBXBuildFile; fileRef = 90E695B92AE7B9CA00A2B88F /* NetworkServiceTestClass.swift */; };
		90FBAFF02AAB162700939B3F /* Activityindicator.swift in Sources */ = {isa = PBXBuildFile; fileRef = 90FBAFEF2AAB162700939B3F /* Activityindicator.swift */; };
/* End PBXBuildFile section */

/* Begin PBXContainerItemProxy section */
		90E695B42AE7B96400A2B88F /* PBXContainerItemProxy */ = {
			isa = PBXContainerItemProxy;
			containerPortal = 90C4CE572A9F1EF500F53C57 /* Project object */;
			proxyType = 1;
			remoteGlobalIDString = 90C4CE5E2A9F1EF500F53C57;
			remoteInfo = newsTest;
		};
/* End PBXContainerItemProxy section */

/* Begin PBXFileReference section */
		904B11712AB9C35A00AE4668 /* StorageNews.swift */ = {isa = PBXFileReference; lastKnownFileType = sourcecode.swift; path = StorageNews.swift; sourceTree = "<group>"; };
		907682DC2AA083CF0051F0BB /* DetailModuleBuilder.swift */ = {isa = PBXFileReference; lastKnownFileType = sourcecode.swift; path = DetailModuleBuilder.swift; sourceTree = "<group>"; };
		907682DD2AA083CF0051F0BB /* DetailViewController.swift */ = {isa = PBXFileReference; lastKnownFileType = sourcecode.swift; path = DetailViewController.swift; sourceTree = "<group>"; };
		907682DE2AA083CF0051F0BB /* DetailRouter.swift */ = {isa = PBXFileReference; lastKnownFileType = sourcecode.swift; path = DetailRouter.swift; sourceTree = "<group>"; };
		907682DF2AA083CF0051F0BB /* DetailPresenter.swift */ = {isa = PBXFileReference; lastKnownFileType = sourcecode.swift; path = DetailPresenter.swift; sourceTree = "<group>"; };
		907682E02AA083CF0051F0BB /* DetailInteractor.swift */ = {isa = PBXFileReference; lastKnownFileType = sourcecode.swift; path = DetailInteractor.swift; sourceTree = "<group>"; };
		907682E62AA089510051F0BB /* MainTableViewCellModel.swift */ = {isa = PBXFileReference; lastKnownFileType = sourcecode.swift; path = MainTableViewCellModel.swift; sourceTree = "<group>"; };
		907682E92AA0D41C0051F0BB /* WebViewController.swift */ = {isa = PBXFileReference; lastKnownFileType = sourcecode.swift; path = WebViewController.swift; sourceTree = "<group>"; };
		907682EB2AA0D43F0051F0BB /* WebView+extension.swift */ = {isa = PBXFileReference; lastKnownFileType = sourcecode.swift; path = "WebView+extension.swift"; sourceTree = "<group>"; };
		907682ED2AA0D9E10051F0BB /* WebModuleBuilder.swift */ = {isa = PBXFileReference; lastKnownFileType = sourcecode.swift; path = WebModuleBuilder.swift; sourceTree = "<group>"; };
		907682EE2AA0D9E10051F0BB /* WebPresenter.swift */ = {isa = PBXFileReference; lastKnownFileType = sourcecode.swift; path = WebPresenter.swift; sourceTree = "<group>"; };
		907682F02AA0D9E10051F0BB /* WebInteractor.swift */ = {isa = PBXFileReference; lastKnownFileType = sourcecode.swift; path = WebInteractor.swift; sourceTree = "<group>"; };
		9084EDEE2AB4745200B752D5 /* WebViewModel.swift */ = {isa = PBXFileReference; lastKnownFileType = sourcecode.swift; path = WebViewModel.swift; sourceTree = "<group>"; };
		909F37442AB1DF5900D28466 /* LocalStorageManager.swift */ = {isa = PBXFileReference; lastKnownFileType = sourcecode.swift; path = LocalStorageManager.swift; sourceTree = "<group>"; };
		90C4CE5F2A9F1EF500F53C57 /* newsTest.app */ = {isa = PBXFileReference; explicitFileType = wrapper.application; includeInIndex = 0; path = newsTest.app; sourceTree = BUILT_PRODUCTS_DIR; };
		90C4CE622A9F1EF500F53C57 /* AppDelegate.swift */ = {isa = PBXFileReference; lastKnownFileType = sourcecode.swift; path = AppDelegate.swift; sourceTree = "<group>"; };
		90C4CE642A9F1EF500F53C57 /* SceneDelegate.swift */ = {isa = PBXFileReference; lastKnownFileType = sourcecode.swift; path = SceneDelegate.swift; sourceTree = "<group>"; };
		90C4CE6B2A9F1EF600F53C57 /* Assets.xcassets */ = {isa = PBXFileReference; lastKnownFileType = folder.assetcatalog; path = Assets.xcassets; sourceTree = "<group>"; };
		90C4CE6E2A9F1EF600F53C57 /* Base */ = {isa = PBXFileReference; lastKnownFileType = file.storyboard; name = Base; path = Base.lproj/LaunchScreen.storyboard; sourceTree = "<group>"; };
		90C4CE702A9F1EF600F53C57 /* Info.plist */ = {isa = PBXFileReference; lastKnownFileType = text.plist.xml; path = Info.plist; sourceTree = "<group>"; };
		90C4CE832A9F209700F53C57 /* MainModuleBuilder.swift */ = {isa = PBXFileReference; lastKnownFileType = sourcecode.swift; path = MainModuleBuilder.swift; sourceTree = "<group>"; };
		90C4CE842A9F209700F53C57 /* MainPresenter.swift */ = {isa = PBXFileReference; lastKnownFileType = sourcecode.swift; path = MainPresenter.swift; sourceTree = "<group>"; };
		90C4CE852A9F209700F53C57 /* MainRouter.swift */ = {isa = PBXFileReference; lastKnownFileType = sourcecode.swift; path = MainRouter.swift; sourceTree = "<group>"; };
		90C4CE862A9F209700F53C57 /* MainViewController.swift */ = {isa = PBXFileReference; lastKnownFileType = sourcecode.swift; path = MainViewController.swift; sourceTree = "<group>"; };
		90C4CE872A9F209700F53C57 /* MainInteractor.swift */ = {isa = PBXFileReference; lastKnownFileType = sourcecode.swift; path = MainInteractor.swift; sourceTree = "<group>"; };
		90C4CE8D2A9F25CB00F53C57 /* MainTableViewCell.swift */ = {isa = PBXFileReference; lastKnownFileType = sourcecode.swift; path = MainTableViewCell.swift; sourceTree = "<group>"; };
		90C4CE9A2A9F314F00F53C57 /* AlertBuilder.swift */ = {isa = PBXFileReference; lastKnownFileType = sourcecode.swift; path = AlertBuilder.swift; sourceTree = "<group>"; };
		90C4CE9D2A9F376500F53C57 /* MainViewController+extension.swift */ = {isa = PBXFileReference; lastKnownFileType = sourcecode.swift; path = "MainViewController+extension.swift"; sourceTree = "<group>"; };
		90C4CEA12A9F3B3900F53C57 /* NetworkMonitorManager.swift */ = {isa = PBXFileReference; lastKnownFileType = sourcecode.swift; path = NetworkMonitorManager.swift; sourceTree = "<group>"; };
		90C4CEA32A9F3B9E00F53C57 /* NetworkService.swift */ = {isa = PBXFileReference; lastKnownFileType = sourcecode.swift; path = NetworkService.swift; sourceTree = "<group>"; };
		90C4CEA52A9F3EEA00F53C57 /* UITableView+ReusableView.swift */ = {isa = PBXFileReference; lastKnownFileType = sourcecode.swift; path = "UITableView+ReusableView.swift"; sourceTree = "<group>"; };
		90C4CEAD2A9F61CD00F53C57 /* URL+extension.swift */ = {isa = PBXFileReference; lastKnownFileType = sourcecode.swift; path = "URL+extension.swift"; sourceTree = "<group>"; };
		90C4CEAF2A9F620100F53C57 /* Dictionary+extension.swift */ = {isa = PBXFileReference; lastKnownFileType = sourcecode.swift; path = "Dictionary+extension.swift"; sourceTree = "<group>"; };
		90C4CEB22A9F624F00F53C57 /* RequestBuilder.swift */ = {isa = PBXFileReference; lastKnownFileType = sourcecode.swift; path = RequestBuilder.swift; sourceTree = "<group>"; };
		90C4CEB42A9F626800F53C57 /* MapNewsToObject.swift */ = {isa = PBXFileReference; lastKnownFileType = sourcecode.swift; path = MapNewsToObject.swift; sourceTree = "<group>"; };
		90C4CEB62A9F628300F53C57 /* News.swift */ = {isa = PBXFileReference; lastKnownFileType = sourcecode.swift; path = News.swift; sourceTree = "<group>"; };
		90C4CEB82A9F62B800F53C57 /* ObjectNewsData.swift */ = {isa = PBXFileReference; lastKnownFileType = sourcecode.swift; path = ObjectNewsData.swift; sourceTree = "<group>"; };
		90C4CEBB2A9F8D6F00F53C57 /* MainThreadOverwatch.swift */ = {isa = PBXFileReference; lastKnownFileType = sourcecode.swift; path = MainThreadOverwatch.swift; sourceTree = "<group>"; };
		90C7A8FB2AAF16B500E1327C /* Constants.swift */ = {isa = PBXFileReference; lastKnownFileType = sourcecode.swift; path = Constants.swift; sourceTree = "<group>"; };
		90E695B02AE7B96400A2B88F /* newsTestTests.xctest */ = {isa = PBXFileReference; explicitFileType = wrapper.cfbundle; includeInIndex = 0; path = newsTestTests.xctest; sourceTree = BUILT_PRODUCTS_DIR; };
		90E695B92AE7B9CA00A2B88F /* NetworkServiceTestClass.swift */ = {isa = PBXFileReference; lastKnownFileType = sourcecode.swift; path = NetworkServiceTestClass.swift; sourceTree = "<group>"; };
		90FBAFEF2AAB162700939B3F /* Activityindicator.swift */ = {isa = PBXFileReference; lastKnownFileType = sourcecode.swift; path = Activityindicator.swift; sourceTree = "<group>"; };
/* End PBXFileReference section */

/* Begin PBXFrameworksBuildPhase section */
		90C4CE5C2A9F1EF500F53C57 /* Frameworks */ = {
			isa = PBXFrameworksBuildPhase;
			buildActionMask = 2147483647;
			files = (
			);
			runOnlyForDeploymentPostprocessing = 0;
		};
		90E695AD2AE7B96400A2B88F /* Frameworks */ = {
			isa = PBXFrameworksBuildPhase;
			buildActionMask = 2147483647;
			files = (
			);
			runOnlyForDeploymentPostprocessing = 0;
		};
/* End PBXFrameworksBuildPhase section */

/* Begin PBXGroup section */
		907682DA2AA0700E0051F0BB /* NetworkLayer */ = {
			isa = PBXGroup;
			children = (
				90C4CEA32A9F3B9E00F53C57 /* NetworkService.swift */,
				90C4CEA12A9F3B3900F53C57 /* NetworkMonitorManager.swift */,
				90C4CEB12A9F623B00F53C57 /* NetworkSupport */,
			);
			path = NetworkLayer;
			sourceTree = "<group>";
		};
		907682DB2AA083CF0051F0BB /* DetailModule */ = {
			isa = PBXGroup;
			children = (
				907682DD2AA083CF0051F0BB /* DetailViewController.swift */,
				907682DF2AA083CF0051F0BB /* DetailPresenter.swift */,
				907682E02AA083CF0051F0BB /* DetailInteractor.swift */,
				907682DC2AA083CF0051F0BB /* DetailModuleBuilder.swift */,
				907682DE2AA083CF0051F0BB /* DetailRouter.swift */,
			);
			path = DetailModule;
			sourceTree = "<group>";
		};
		907682E82AA0D3E50051F0BB /* WebViewModule */ = {
			isa = PBXGroup;
			children = (
				907682E92AA0D41C0051F0BB /* WebViewController.swift */,
				907682EB2AA0D43F0051F0BB /* WebView+extension.swift */,
				9084EDEE2AB4745200B752D5 /* WebViewModel.swift */,
				907682EE2AA0D9E10051F0BB /* WebPresenter.swift */,
				907682F02AA0D9E10051F0BB /* WebInteractor.swift */,
				907682ED2AA0D9E10051F0BB /* WebModuleBuilder.swift */,
			);
			path = WebViewModule;
			sourceTree = "<group>";
		};
		90A13F492AB8327C0090E597 /* modules */ = {
			isa = PBXGroup;
			children = (
				907682DB2AA083CF0051F0BB /* DetailModule */,
				90C4CE782A9F202E00F53C57 /* MainModule */,
				907682E82AA0D3E50051F0BB /* WebViewModule */,
			);
			path = modules;
			sourceTree = "<group>";
		};
		90C4CE562A9F1EF500F53C57 = {
			isa = PBXGroup;
			children = (
				90C4CE612A9F1EF500F53C57 /* newsTest */,
				90E695B12AE7B96400A2B88F /* newsTestTests */,
				90C4CE602A9F1EF500F53C57 /* Products */,
			);
			sourceTree = "<group>";
		};
		90C4CE602A9F1EF500F53C57 /* Products */ = {
			isa = PBXGroup;
			children = (
				90C4CE5F2A9F1EF500F53C57 /* newsTest.app */,
				90E695B02AE7B96400A2B88F /* newsTestTests.xctest */,
			);
			name = Products;
			sourceTree = "<group>";
		};
		90C4CE612A9F1EF500F53C57 /* newsTest */ = {
			isa = PBXGroup;
			children = (
				90C4CE772A9F201E00F53C57 /* Application */,
				90A13F492AB8327C0090E597 /* modules */,
				90C7A8FD2AAF5FF000E1327C /* SupportingFiles */,
				907682DA2AA0700E0051F0BB /* NetworkLayer */,
				90C4CE762A9F1F6400F53C57 /* Resources */,
			);
			path = newsTest;
			sourceTree = "<group>";
		};
		90C4CE762A9F1F6400F53C57 /* Resources */ = {
			isa = PBXGroup;
			children = (
				90C4CE702A9F1EF600F53C57 /* Info.plist */,
				90C4CE6D2A9F1EF600F53C57 /* LaunchScreen.storyboard */,
				90C4CE6B2A9F1EF600F53C57 /* Assets.xcassets */,
			);
			path = Resources;
			sourceTree = "<group>";
		};
		90C4CE772A9F201E00F53C57 /* Application */ = {
			isa = PBXGroup;
			children = (
				90C4CE622A9F1EF500F53C57 /* AppDelegate.swift */,
				90C4CE642A9F1EF500F53C57 /* SceneDelegate.swift */,
			);
			path = Application;
			sourceTree = "<group>";
		};
		90C4CE782A9F202E00F53C57 /* MainModule */ = {
			isa = PBXGroup;
			children = (
				90C4CE9C2A9F373700F53C57 /* MainViewController */,
				90C4CEBA2A9F6EC700F53C57 /* helper */,
				90C4CE842A9F209700F53C57 /* MainPresenter.swift */,
				90C4CE852A9F209700F53C57 /* MainRouter.swift */,
				90C4CE872A9F209700F53C57 /* MainInteractor.swift */,
				904B11712AB9C35A00AE4668 /* StorageNews.swift */,
				90C4CE832A9F209700F53C57 /* MainModuleBuilder.swift */,
			);
			path = MainModule;
			sourceTree = "<group>";
		};
		90C4CE9C2A9F373700F53C57 /* MainViewController */ = {
			isa = PBXGroup;
			children = (
				90C4CE862A9F209700F53C57 /* MainViewController.swift */,
				90C4CE9D2A9F376500F53C57 /* MainViewController+extension.swift */,
				90C4CE8D2A9F25CB00F53C57 /* MainTableViewCell.swift */,
				907682E62AA089510051F0BB /* MainTableViewCellModel.swift */,
				90C7A8FB2AAF16B500E1327C /* Constants.swift */,
				90FBAFEF2AAB162700939B3F /* Activityindicator.swift */,
			);
			path = MainViewController;
			sourceTree = "<group>";
		};
		90C4CEB12A9F623B00F53C57 /* NetworkSupport */ = {
			isa = PBXGroup;
			children = (
				90C4CEAD2A9F61CD00F53C57 /* URL+extension.swift */,
				90C4CEAF2A9F620100F53C57 /* Dictionary+extension.swift */,
				90C4CEB22A9F624F00F53C57 /* RequestBuilder.swift */,
				90C4CEB62A9F628300F53C57 /* News.swift */,
				90C4CEB82A9F62B800F53C57 /* ObjectNewsData.swift */,
				90C4CEB42A9F626800F53C57 /* MapNewsToObject.swift */,
			);
			path = NetworkSupport;
			sourceTree = "<group>";
		};
		90C4CEBA2A9F6EC700F53C57 /* helper */ = {
			isa = PBXGroup;
			children = (
				90C4CEA52A9F3EEA00F53C57 /* UITableView+ReusableView.swift */,
			);
			path = helper;
			sourceTree = "<group>";
		};
		90C7A8FD2AAF5FF000E1327C /* SupportingFiles */ = {
			isa = PBXGroup;
			children = (
				90C4CE9A2A9F314F00F53C57 /* AlertBuilder.swift */,
				90C4CEBB2A9F8D6F00F53C57 /* MainThreadOverwatch.swift */,
				909F37442AB1DF5900D28466 /* LocalStorageManager.swift */,
			);
			path = SupportingFiles;
			sourceTree = "<group>";
		};
		90E695B12AE7B96400A2B88F /* newsTestTests */ = {
			isa = PBXGroup;
			children = (
				90E695B92AE7B9CA00A2B88F /* NetworkServiceTestClass.swift */,
			);
			path = newsTestTests;
			sourceTree = "<group>";
		};
/* End PBXGroup section */

/* Begin PBXNativeTarget section */
		90C4CE5E2A9F1EF500F53C57 /* newsTest */ = {
			isa = PBXNativeTarget;
			buildConfigurationList = 90C4CE732A9F1EF600F53C57 /* Build configuration list for PBXNativeTarget "newsTest" */;
			buildPhases = (
				90C4CE5B2A9F1EF500F53C57 /* Sources */,
				90C4CE5C2A9F1EF500F53C57 /* Frameworks */,
				90C4CE5D2A9F1EF500F53C57 /* Resources */,
			);
			buildRules = (
			);
			dependencies = (
			);
			name = newsTest;
			productName = newsTest;
			productReference = 90C4CE5F2A9F1EF500F53C57 /* newsTest.app */;
			productType = "com.apple.product-type.application";
		};
		90E695AF2AE7B96400A2B88F /* newsTestTests */ = {
			isa = PBXNativeTarget;
			buildConfigurationList = 90E695B82AE7B96400A2B88F /* Build configuration list for PBXNativeTarget "newsTestTests" */;
			buildPhases = (
				90E695AC2AE7B96400A2B88F /* Sources */,
				90E695AD2AE7B96400A2B88F /* Frameworks */,
				90E695AE2AE7B96400A2B88F /* Resources */,
			);
			buildRules = (
			);
			dependencies = (
				90E695B52AE7B96400A2B88F /* PBXTargetDependency */,
			);
			name = newsTestTests;
			productName = newsTestTests;
			productReference = 90E695B02AE7B96400A2B88F /* newsTestTests.xctest */;
			productType = "com.apple.product-type.bundle.unit-test";
		};
/* End PBXNativeTarget section */

/* Begin PBXProject section */
		90C4CE572A9F1EF500F53C57 /* Project object */ = {
			isa = PBXProject;
			attributes = {
				BuildIndependentTargetsInParallel = 1;
				LastSwiftUpdateCheck = 1500;
				LastUpgradeCheck = 1500;
				TargetAttributes = {
					90C4CE5E2A9F1EF500F53C57 = {
						CreatedOnToolsVersion = 14.3.1;
					};
					90E695AF2AE7B96400A2B88F = {
						CreatedOnToolsVersion = 15.0.1;
						TestTargetID = 90C4CE5E2A9F1EF500F53C57;
					};
				};
			};
			buildConfigurationList = 90C4CE5A2A9F1EF500F53C57 /* Build configuration list for PBXProject "newsTest" */;
			compatibilityVersion = "Xcode 14.0";
			developmentRegion = en;
			hasScannedForEncodings = 0;
			knownRegions = (
				en,
				Base,
			);
			mainGroup = 90C4CE562A9F1EF500F53C57;
			productRefGroup = 90C4CE602A9F1EF500F53C57 /* Products */;
			projectDirPath = "";
			projectRoot = "";
			targets = (
				90C4CE5E2A9F1EF500F53C57 /* newsTest */,
				90E695AF2AE7B96400A2B88F /* newsTestTests */,
			);
		};
/* End PBXProject section */

/* Begin PBXResourcesBuildPhase section */
		90C4CE5D2A9F1EF500F53C57 /* Resources */ = {
			isa = PBXResourcesBuildPhase;
			buildActionMask = 2147483647;
			files = (
				90C4CE6F2A9F1EF600F53C57 /* LaunchScreen.storyboard in Resources */,
				90C4CE6C2A9F1EF600F53C57 /* Assets.xcassets in Resources */,
			);
			runOnlyForDeploymentPostprocessing = 0;
		};
		90E695AE2AE7B96400A2B88F /* Resources */ = {
			isa = PBXResourcesBuildPhase;
			buildActionMask = 2147483647;
			files = (
			);
			runOnlyForDeploymentPostprocessing = 0;
		};
/* End PBXResourcesBuildPhase section */

/* Begin PBXSourcesBuildPhase section */
		90C4CE5B2A9F1EF500F53C57 /* Sources */ = {
			isa = PBXSourcesBuildPhase;
			buildActionMask = 2147483647;
			files = (
				90C4CEA42A9F3B9E00F53C57 /* NetworkService.swift in Sources */,
				90C4CE8B2A9F209700F53C57 /* MainViewController.swift in Sources */,
				90C4CEB52A9F626800F53C57 /* MapNewsToObject.swift in Sources */,
				90C4CEBC2A9F8D6F00F53C57 /* MainThreadOverwatch.swift in Sources */,
				90C4CE892A9F209700F53C57 /* MainPresenter.swift in Sources */,
				907682E12AA083CF0051F0BB /* DetailViewController.swift in Sources */,
				90C4CEB32A9F624F00F53C57 /* RequestBuilder.swift in Sources */,
				90C4CEA62A9F3EEA00F53C57 /* UITableView+ReusableView.swift in Sources */,
				90C4CEB02A9F620100F53C57 /* Dictionary+extension.swift in Sources */,
				90C4CE8E2A9F25CB00F53C57 /* MainTableViewCell.swift in Sources */,
				907682F12AA0D9E10051F0BB /* WebModuleBuilder.swift in Sources */,
				90C4CEB92A9F62B800F53C57 /* ObjectNewsData.swift in Sources */,
				907682EA2AA0D41C0051F0BB /* WebViewController.swift in Sources */,
				9084EDEF2AB4745200B752D5 /* WebViewModel.swift in Sources */,
				907682E72AA089510051F0BB /* MainTableViewCellModel.swift in Sources */,
				90C4CEAE2A9F61CD00F53C57 /* URL+extension.swift in Sources */,
				90C4CE882A9F209700F53C57 /* MainModuleBuilder.swift in Sources */,
				90C4CE632A9F1EF500F53C57 /* AppDelegate.swift in Sources */,
				90FBAFF02AAB162700939B3F /* Activityindicator.swift in Sources */,
				90C4CE652A9F1EF500F53C57 /* SceneDelegate.swift in Sources */,
				90C4CE8A2A9F209700F53C57 /* MainRouter.swift in Sources */,
				907682EC2AA0D43F0051F0BB /* WebView+extension.swift in Sources */,
				907682E52AA083CF0051F0BB /* DetailPresenter.swift in Sources */,
				907682E42AA083CF0051F0BB /* DetailInteractor.swift in Sources */,
				90C4CEB72A9F628300F53C57 /* News.swift in Sources */,
				90C7A8FC2AAF16B500E1327C /* Constants.swift in Sources */,
				907682E32AA083CF0051F0BB /* DetailRouter.swift in Sources */,
				90C4CE9E2A9F376500F53C57 /* MainViewController+extension.swift in Sources */,
				907682F22AA0D9E10051F0BB /* WebPresenter.swift in Sources */,
				907682E22AA083CF0051F0BB /* DetailModuleBuilder.swift in Sources */,
				904B11722AB9C35A00AE4668 /* StorageNews.swift in Sources */,
				90C4CE9B2A9F314F00F53C57 /* AlertBuilder.swift in Sources */,
				90C4CEA22A9F3B3900F53C57 /* NetworkMonitorManager.swift in Sources */,
				907682F42AA0D9E10051F0BB /* WebInteractor.swift in Sources */,
				909F37452AB1DF5900D28466 /* LocalStorageManager.swift in Sources */,
				90C4CE8C2A9F209700F53C57 /* MainInteractor.swift in Sources */,
			);
			runOnlyForDeploymentPostprocessing = 0;
		};
		90E695AC2AE7B96400A2B88F /* Sources */ = {
			isa = PBXSourcesBuildPhase;
			buildActionMask = 2147483647;
			files = (
				90E695BA2AE7B9CA00A2B88F /* NetworkServiceTestClass.swift in Sources */,
			);
			runOnlyForDeploymentPostprocessing = 0;
		};
/* End PBXSourcesBuildPhase section */

/* Begin PBXTargetDependency section */
		90E695B52AE7B96400A2B88F /* PBXTargetDependency */ = {
			isa = PBXTargetDependency;
			target = 90C4CE5E2A9F1EF500F53C57 /* newsTest */;
			targetProxy = 90E695B42AE7B96400A2B88F /* PBXContainerItemProxy */;
		};
/* End PBXTargetDependency section */

/* Begin PBXVariantGroup section */
		90C4CE6D2A9F1EF600F53C57 /* LaunchScreen.storyboard */ = {
			isa = PBXVariantGroup;
			children = (
				90C4CE6E2A9F1EF600F53C57 /* Base */,
			);
			name = LaunchScreen.storyboard;
			sourceTree = "<group>";
		};
/* End PBXVariantGroup section */

/* Begin XCBuildConfiguration section */
		90C4CE712A9F1EF600F53C57 /* Debug */ = {
			isa = XCBuildConfiguration;
			buildSettings = {
				ALWAYS_SEARCH_USER_PATHS = NO;
				CLANG_ANALYZER_NONNULL = YES;
				CLANG_ANALYZER_NUMBER_OBJECT_CONVERSION = YES_AGGRESSIVE;
				CLANG_CXX_LANGUAGE_STANDARD = "gnu++20";
				CLANG_ENABLE_MODULES = YES;
				CLANG_ENABLE_OBJC_ARC = YES;
				CLANG_ENABLE_OBJC_WEAK = YES;
				CLANG_WARN_BLOCK_CAPTURE_AUTORELEASING = YES;
				CLANG_WARN_BOOL_CONVERSION = YES;
				CLANG_WARN_COMMA = YES;
				CLANG_WARN_CONSTANT_CONVERSION = YES;
				CLANG_WARN_DEPRECATED_OBJC_IMPLEMENTATIONS = YES;
				CLANG_WARN_DIRECT_OBJC_ISA_USAGE = YES_ERROR;
				CLANG_WARN_DOCUMENTATION_COMMENTS = YES;
				CLANG_WARN_EMPTY_BODY = YES;
				CLANG_WARN_ENUM_CONVERSION = YES;
				CLANG_WARN_INFINITE_RECURSION = YES;
				CLANG_WARN_INT_CONVERSION = YES;
				CLANG_WARN_NON_LITERAL_NULL_CONVERSION = YES;
				CLANG_WARN_OBJC_IMPLICIT_RETAIN_SELF = YES;
				CLANG_WARN_OBJC_LITERAL_CONVERSION = YES;
				CLANG_WARN_OBJC_ROOT_CLASS = YES_ERROR;
				CLANG_WARN_QUOTED_INCLUDE_IN_FRAMEWORK_HEADER = YES;
				CLANG_WARN_RANGE_LOOP_ANALYSIS = YES;
				CLANG_WARN_STRICT_PROTOTYPES = YES;
				CLANG_WARN_SUSPICIOUS_MOVE = YES;
				CLANG_WARN_UNGUARDED_AVAILABILITY = YES_AGGRESSIVE;
				CLANG_WARN_UNREACHABLE_CODE = YES;
				CLANG_WARN__DUPLICATE_METHOD_MATCH = YES;
				COPY_PHASE_STRIP = NO;
				DEBUG_INFORMATION_FORMAT = dwarf;
				ENABLE_STRICT_OBJC_MSGSEND = YES;
				ENABLE_TESTABILITY = YES;
				ENABLE_USER_SCRIPT_SANDBOXING = YES;
				GCC_C_LANGUAGE_STANDARD = gnu11;
				GCC_DYNAMIC_NO_PIC = NO;
				GCC_NO_COMMON_BLOCKS = YES;
				GCC_OPTIMIZATION_LEVEL = 0;
				GCC_PREPROCESSOR_DEFINITIONS = (
					"DEBUG=1",
					"$(inherited)",
				);
				GCC_WARN_64_TO_32_BIT_CONVERSION = YES;
				GCC_WARN_ABOUT_RETURN_TYPE = YES_ERROR;
				GCC_WARN_UNDECLARED_SELECTOR = YES;
				GCC_WARN_UNINITIALIZED_AUTOS = YES_AGGRESSIVE;
				GCC_WARN_UNUSED_FUNCTION = YES;
				GCC_WARN_UNUSED_VARIABLE = YES;
				IPHONEOS_DEPLOYMENT_TARGET = 15.0;
				MTL_ENABLE_DEBUG_INFO = INCLUDE_SOURCE;
				MTL_FAST_MATH = YES;
				ONLY_ACTIVE_ARCH = YES;
				SDKROOT = iphoneos;
				SWIFT_ACTIVE_COMPILATION_CONDITIONS = DEBUG;
				SWIFT_OPTIMIZATION_LEVEL = "-Onone";
			};
			name = Debug;
		};
		90C4CE722A9F1EF600F53C57 /* Release */ = {
			isa = XCBuildConfiguration;
			buildSettings = {
				ALWAYS_SEARCH_USER_PATHS = NO;
				CLANG_ANALYZER_NONNULL = YES;
				CLANG_ANALYZER_NUMBER_OBJECT_CONVERSION = YES_AGGRESSIVE;
				CLANG_CXX_LANGUAGE_STANDARD = "gnu++20";
				CLANG_ENABLE_MODULES = YES;
				CLANG_ENABLE_OBJC_ARC = YES;
				CLANG_ENABLE_OBJC_WEAK = YES;
				CLANG_WARN_BLOCK_CAPTURE_AUTORELEASING = YES;
				CLANG_WARN_BOOL_CONVERSION = YES;
				CLANG_WARN_COMMA = YES;
				CLANG_WARN_CONSTANT_CONVERSION = YES;
				CLANG_WARN_DEPRECATED_OBJC_IMPLEMENTATIONS = YES;
				CLANG_WARN_DIRECT_OBJC_ISA_USAGE = YES_ERROR;
				CLANG_WARN_DOCUMENTATION_COMMENTS = YES;
				CLANG_WARN_EMPTY_BODY = YES;
				CLANG_WARN_ENUM_CONVERSION = YES;
				CLANG_WARN_INFINITE_RECURSION = YES;
				CLANG_WARN_INT_CONVERSION = YES;
				CLANG_WARN_NON_LITERAL_NULL_CONVERSION = YES;
				CLANG_WARN_OBJC_IMPLICIT_RETAIN_SELF = YES;
				CLANG_WARN_OBJC_LITERAL_CONVERSION = YES;
				CLANG_WARN_OBJC_ROOT_CLASS = YES_ERROR;
				CLANG_WARN_QUOTED_INCLUDE_IN_FRAMEWORK_HEADER = YES;
				CLANG_WARN_RANGE_LOOP_ANALYSIS = YES;
				CLANG_WARN_STRICT_PROTOTYPES = YES;
				CLANG_WARN_SUSPICIOUS_MOVE = YES;
				CLANG_WARN_UNGUARDED_AVAILABILITY = YES_AGGRESSIVE;
				CLANG_WARN_UNREACHABLE_CODE = YES;
				CLANG_WARN__DUPLICATE_METHOD_MATCH = YES;
				COPY_PHASE_STRIP = NO;
				DEBUG_INFORMATION_FORMAT = "dwarf-with-dsym";
				ENABLE_NS_ASSERTIONS = NO;
				ENABLE_STRICT_OBJC_MSGSEND = YES;
				ENABLE_USER_SCRIPT_SANDBOXING = YES;
				GCC_C_LANGUAGE_STANDARD = gnu11;
				GCC_NO_COMMON_BLOCKS = YES;
				GCC_WARN_64_TO_32_BIT_CONVERSION = YES;
				GCC_WARN_ABOUT_RETURN_TYPE = YES_ERROR;
				GCC_WARN_UNDECLARED_SELECTOR = YES;
				GCC_WARN_UNINITIALIZED_AUTOS = YES_AGGRESSIVE;
				GCC_WARN_UNUSED_FUNCTION = YES;
				GCC_WARN_UNUSED_VARIABLE = YES;
				IPHONEOS_DEPLOYMENT_TARGET = 15.0;
				MTL_ENABLE_DEBUG_INFO = NO;
				MTL_FAST_MATH = YES;
				SDKROOT = iphoneos;
				SWIFT_COMPILATION_MODE = wholemodule;
				SWIFT_OPTIMIZATION_LEVEL = "-O";
				VALIDATE_PRODUCT = YES;
			};
			name = Release;
		};
		90C4CE742A9F1EF600F53C57 /* Debug */ = {
			isa = XCBuildConfiguration;
			buildSettings = {
				ASSETCATALOG_COMPILER_APPICON_NAME = AppIcon;
				ASSETCATALOG_COMPILER_GLOBAL_ACCENT_COLOR_NAME = AccentColor;
				CODE_SIGN_STYLE = Automatic;
				CURRENT_PROJECT_VERSION = 1;
				DEVELOPMENT_TEAM = 4X682UQSZR;
				GENERATE_INFOPLIST_FILE = YES;
				INFOPLIST_FILE = newsTest/Resources/Info.plist;
				INFOPLIST_KEY_UIApplicationSupportsIndirectInputEvents = YES;
				INFOPLIST_KEY_UILaunchStoryboardName = LaunchScreen;
				INFOPLIST_KEY_UISupportedInterfaceOrientations = UIInterfaceOrientationPortrait;
				INFOPLIST_KEY_UISupportedInterfaceOrientations_iPad = "UIInterfaceOrientationLandscapeLeft UIInterfaceOrientationLandscapeRight UIInterfaceOrientationPortrait UIInterfaceOrientationPortraitUpsideDown";
				IPHONEOS_DEPLOYMENT_TARGET = 15.0;
				LD_RUNPATH_SEARCH_PATHS = (
					"$(inherited)",
					"@executable_path/Frameworks",
				);
				MARKETING_VERSION = 1.0;
				PRODUCT_BUNDLE_IDENTIFIER = com.ganzitsky.newsTest;
				PRODUCT_NAME = "$(TARGET_NAME)";
				SUPPORTED_PLATFORMS = "iphoneos iphonesimulator";
				SUPPORTS_MACCATALYST = NO;
				SUPPORTS_MAC_DESIGNED_FOR_IPHONE_IPAD = NO;
				SWIFT_EMIT_LOC_STRINGS = YES;
				SWIFT_VERSION = 5.0;
				TARGETED_DEVICE_FAMILY = 1;
			};
			name = Debug;
		};
		90C4CE752A9F1EF600F53C57 /* Release */ = {
			isa = XCBuildConfiguration;
			buildSettings = {
				ASSETCATALOG_COMPILER_APPICON_NAME = AppIcon;
				ASSETCATALOG_COMPILER_GLOBAL_ACCENT_COLOR_NAME = AccentColor;
				CODE_SIGN_STYLE = Automatic;
				CURRENT_PROJECT_VERSION = 1;
				DEVELOPMENT_TEAM = 4X682UQSZR;
				GENERATE_INFOPLIST_FILE = YES;
				INFOPLIST_FILE = newsTest/Resources/Info.plist;
				INFOPLIST_KEY_UIApplicationSupportsIndirectInputEvents = YES;
				INFOPLIST_KEY_UILaunchStoryboardName = LaunchScreen;
				INFOPLIST_KEY_UISupportedInterfaceOrientations = UIInterfaceOrientationPortrait;
				INFOPLIST_KEY_UISupportedInterfaceOrientations_iPad = "UIInterfaceOrientationLandscapeLeft UIInterfaceOrientationLandscapeRight UIInterfaceOrientationPortrait UIInterfaceOrientationPortraitUpsideDown";
				IPHONEOS_DEPLOYMENT_TARGET = 15.0;
				LD_RUNPATH_SEARCH_PATHS = (
					"$(inherited)",
					"@executable_path/Frameworks",
				);
				MARKETING_VERSION = 1.0;
				PRODUCT_BUNDLE_IDENTIFIER = com.ganzitsky.newsTest;
				PRODUCT_NAME = "$(TARGET_NAME)";
				SUPPORTED_PLATFORMS = "iphoneos iphonesimulator";
				SUPPORTS_MACCATALYST = NO;
				SUPPORTS_MAC_DESIGNED_FOR_IPHONE_IPAD = NO;
				SWIFT_EMIT_LOC_STRINGS = YES;
				SWIFT_VERSION = 5.0;
				TARGETED_DEVICE_FAMILY = 1;
			};
			name = Release;
		};
		90E695B62AE7B96400A2B88F /* Debug */ = {
			isa = XCBuildConfiguration;
			buildSettings = {
				ASSETCATALOG_COMPILER_GENERATE_SWIFT_ASSET_SYMBOL_EXTENSIONS = YES;
				BUNDLE_LOADER = "$(TEST_HOST)";
				CODE_SIGN_STYLE = Automatic;
				CURRENT_PROJECT_VERSION = 1;
				DEVELOPMENT_TEAM = 4X682UQSZR;
				GCC_C_LANGUAGE_STANDARD = gnu17;
				GENERATE_INFOPLIST_FILE = YES;
				IPHONEOS_DEPLOYMENT_TARGET = 17.0;
				LOCALIZATION_PREFERS_STRING_CATALOGS = YES;
				MARKETING_VERSION = 1.0;
				PRODUCT_BUNDLE_IDENTIFIER = com.ganzitsky.newsTestTests;
				PRODUCT_NAME = "$(TARGET_NAME)";
				SWIFT_ACTIVE_COMPILATION_CONDITIONS = "DEBUG $(inherited)";
				SWIFT_EMIT_LOC_STRINGS = NO;
				SWIFT_VERSION = 5.0;
				TARGETED_DEVICE_FAMILY = "1,2";
				TEST_HOST = "$(BUILT_PRODUCTS_DIR)/newsTest.app/$(BUNDLE_EXECUTABLE_FOLDER_PATH)/newsTest";
			};
			name = Debug;
		};
		90E695B72AE7B96400A2B88F /* Release */ = {
			isa = XCBuildConfiguration;
			buildSettings = {
				ASSETCATALOG_COMPILER_GENERATE_SWIFT_ASSET_SYMBOL_EXTENSIONS = YES;
				BUNDLE_LOADER = "$(TEST_HOST)";
				CODE_SIGN_STYLE = Automatic;
				CURRENT_PROJECT_VERSION = 1;
				DEVELOPMENT_TEAM = 4X682UQSZR;
				GCC_C_LANGUAGE_STANDARD = gnu17;
				GENERATE_INFOPLIST_FILE = YES;
				IPHONEOS_DEPLOYMENT_TARGET = 17.0;
				LOCALIZATION_PREFERS_STRING_CATALOGS = YES;
				MARKETING_VERSION = 1.0;
				PRODUCT_BUNDLE_IDENTIFIER = com.ganzitsky.newsTestTests;
				PRODUCT_NAME = "$(TARGET_NAME)";
				SWIFT_EMIT_LOC_STRINGS = NO;
				SWIFT_VERSION = 5.0;
				TARGETED_DEVICE_FAMILY = "1,2";
				TEST_HOST = "$(BUILT_PRODUCTS_DIR)/newsTest.app/$(BUNDLE_EXECUTABLE_FOLDER_PATH)/newsTest";
			};
			name = Release;
		};
/* End XCBuildConfiguration section */

/* Begin XCConfigurationList section */
		90C4CE5A2A9F1EF500F53C57 /* Build configuration list for PBXProject "newsTest" */ = {
			isa = XCConfigurationList;
			buildConfigurations = (
				90C4CE712A9F1EF600F53C57 /* Debug */,
				90C4CE722A9F1EF600F53C57 /* Release */,
			);
			defaultConfigurationIsVisible = 0;
			defaultConfigurationName = Release;
		};
		90C4CE732A9F1EF600F53C57 /* Build configuration list for PBXNativeTarget "newsTest" */ = {
			isa = XCConfigurationList;
			buildConfigurations = (
				90C4CE742A9F1EF600F53C57 /* Debug */,
				90C4CE752A9F1EF600F53C57 /* Release */,
			);
			defaultConfigurationIsVisible = 0;
			defaultConfigurationName = Release;
		};
		90E695B82AE7B96400A2B88F /* Build configuration list for PBXNativeTarget "newsTestTests" */ = {
			isa = XCConfigurationList;
			buildConfigurations = (
				90E695B62AE7B96400A2B88F /* Debug */,
				90E695B72AE7B96400A2B88F /* Release */,
			);
			defaultConfigurationIsVisible = 0;
			defaultConfigurationName = Release;
		};
/* End XCConfigurationList section */
	};
	rootObject = 90C4CE572A9F1EF500F53C57 /* Project object */;
}
